// !$*UTF8*$!
{
	archiveVersion = 1;
	classes = {
	};
	objectVersion = 46;
	objects = {

/* Begin PBXBuildFile section */
		33F9601C1F48918600A970BE /* main.m in Sources */ = {isa = PBXBuildFile; fileRef = 33F9601B1F48918600A970BE /* main.m */; };
		33F9601F1F48918600A970BE /* AppDelegate.m in Sources */ = {isa = PBXBuildFile; fileRef = 33F9601E1F48918600A970BE /* AppDelegate.m */; };
		33F960221F48918600A970BE /* ViewController.m in Sources */ = {isa = PBXBuildFile; fileRef = 33F960211F48918600A970BE /* ViewController.m */; };
		33F960251F48918600A970BE /* Main.storyboard in Resources */ = {isa = PBXBuildFile; fileRef = 33F960231F48918600A970BE /* Main.storyboard */; };
		33F960271F48918600A970BE /* Assets.xcassets in Resources */ = {isa = PBXBuildFile; fileRef = 33F960261F48918600A970BE /* Assets.xcassets */; };
		33F9602A1F48918600A970BE /* LaunchScreen.storyboard in Resources */ = {isa = PBXBuildFile; fileRef = 33F960281F48918600A970BE /* LaunchScreen.storyboard */; };
		33F960351F48918600A970BE /* TbSelectMenuViewTests.m in Sources */ = {isa = PBXBuildFile; fileRef = 33F960341F48918600A970BE /* TbSelectMenuViewTests.m */; };
		33F960401F48918600A970BE /* TbSelectMenuViewUITests.m in Sources */ = {isa = PBXBuildFile; fileRef = 33F9603F1F48918600A970BE /* TbSelectMenuViewUITests.m */; };
		33F960571F48929C00A970BE /* TbPopMenuView.m in Sources */ = {isa = PBXBuildFile; fileRef = 33F960551F48929C00A970BE /* TbPopMenuView.m */; };
		33F960581F48929C00A970BE /* TbPopMenuView.xib in Resources */ = {isa = PBXBuildFile; fileRef = 33F960561F48929C00A970BE /* TbPopMenuView.xib */; };
/* End PBXBuildFile section */

/* Begin PBXContainerItemProxy section */
		33F960311F48918600A970BE /* PBXContainerItemProxy */ = {
			isa = PBXContainerItemProxy;
			containerPortal = 33F9600F1F48918600A970BE /* Project object */;
			proxyType = 1;
			remoteGlobalIDString = 33F960161F48918600A970BE;
			remoteInfo = TbSelectMenuView;
		};
		33F9603C1F48918600A970BE /* PBXContainerItemProxy */ = {
			isa = PBXContainerItemProxy;
			containerPortal = 33F9600F1F48918600A970BE /* Project object */;
			proxyType = 1;
			remoteGlobalIDString = 33F960161F48918600A970BE;
			remoteInfo = TbSelectMenuView;
		};
/* End PBXContainerItemProxy section */

/* Begin PBXFileReference section */
		33F960171F48918600A970BE /* TbSelectMenuView.app */ = {isa = PBXFileReference; explicitFileType = wrapper.application; includeInIndex = 0; path = TbSelectMenuView.app; sourceTree = BUILT_PRODUCTS_DIR; };
		33F9601B1F48918600A970BE /* main.m */ = {isa = PBXFileReference; lastKnownFileType = sourcecode.c.objc; path = main.m; sourceTree = "<group>"; };
		33F9601D1F48918600A970BE /* AppDelegate.h */ = {isa = PBXFileReference; lastKnownFileType = sourcecode.c.h; path = AppDelegate.h; sourceTree = "<group>"; };
		33F9601E1F48918600A970BE /* AppDelegate.m */ = {isa = PBXFileReference; lastKnownFileType = sourcecode.c.objc; path = AppDelegate.m; sourceTree = "<group>"; };
		33F960201F48918600A970BE /* ViewController.h */ = {isa = PBXFileReference; lastKnownFileType = sourcecode.c.h; path = ViewController.h; sourceTree = "<group>"; };
		33F960211F48918600A970BE /* ViewController.m */ = {isa = PBXFileReference; lastKnownFileType = sourcecode.c.objc; path = ViewController.m; sourceTree = "<group>"; };
		33F960241F48918600A970BE /* Base */ = {isa = PBXFileReference; lastKnownFileType = file.storyboard; name = Base; path = Base.lproj/Main.storyboard; sourceTree = "<group>"; };
		33F960261F48918600A970BE /* Assets.xcassets */ = {isa = PBXFileReference; lastKnownFileType = folder.assetcatalog; path = Assets.xcassets; sourceTree = "<group>"; };
		33F960291F48918600A970BE /* Base */ = {isa = PBXFileReference; lastKnownFileType = file.storyboard; name = Base; path = Base.lproj/LaunchScreen.storyboard; sourceTree = "<group>"; };
		33F9602B1F48918600A970BE /* Info.plist */ = {isa = PBXFileReference; lastKnownFileType = text.plist.xml; path = Info.plist; sourceTree = "<group>"; };
		33F960301F48918600A970BE /* TbSelectMenuViewTests.xctest */ = {isa = PBXFileReference; explicitFileType = wrapper.cfbundle; includeInIndex = 0; path = TbSelectMenuViewTests.xctest; sourceTree = BUILT_PRODUCTS_DIR; };
		33F960341F48918600A970BE /* TbSelectMenuViewTests.m */ = {isa = PBXFileReference; lastKnownFileType = sourcecode.c.objc; path = TbSelectMenuViewTests.m; sourceTree = "<group>"; };
		33F960361F48918600A970BE /* Info.plist */ = {isa = PBXFileReference; lastKnownFileType = text.plist.xml; path = Info.plist; sourceTree = "<group>"; };
		33F9603B1F48918600A970BE /* TbSelectMenuViewUITests.xctest */ = {isa = PBXFileReference; explicitFileType = wrapper.cfbundle; includeInIndex = 0; path = TbSelectMenuViewUITests.xctest; sourceTree = BUILT_PRODUCTS_DIR; };
		33F9603F1F48918600A970BE /* TbSelectMenuViewUITests.m */ = {isa = PBXFileReference; lastKnownFileType = sourcecode.c.objc; path = TbSelectMenuViewUITests.m; sourceTree = "<group>"; };
		33F960411F48918600A970BE /* Info.plist */ = {isa = PBXFileReference; lastKnownFileType = text.plist.xml; path = Info.plist; sourceTree = "<group>"; };
		33F960541F48929C00A970BE /* TbPopMenuView.h */ = {isa = PBXFileReference; fileEncoding = 4; lastKnownFileType = sourcecode.c.h; path = TbPopMenuView.h; sourceTree = "<group>"; };
		33F960551F48929C00A970BE /* TbPopMenuView.m */ = {isa = PBXFileReference; fileEncoding = 4; lastKnownFileType = sourcecode.c.objc; path = TbPopMenuView.m; sourceTree = "<group>"; };
		33F960561F48929C00A970BE /* TbPopMenuView.xib */ = {isa = PBXFileReference; fileEncoding = 4; lastKnownFileType = file.xib; path = TbPopMenuView.xib; sourceTree = "<group>"; };
/* End PBXFileReference section */

/* Begin PBXFrameworksBuildPhase section */
		33F960141F48918600A970BE /* Frameworks */ = {
			isa = PBXFrameworksBuildPhase;
			buildActionMask = 2147483647;
			files = (
			);
			runOnlyForDeploymentPostprocessing = 0;
		};
		33F9602D1F48918600A970BE /* Frameworks */ = {
			isa = PBXFrameworksBuildPhase;
			buildActionMask = 2147483647;
			files = (
			);
			runOnlyForDeploymentPostprocessing = 0;
		};
		33F960381F48918600A970BE /* Frameworks */ = {
			isa = PBXFrameworksBuildPhase;
			buildActionMask = 2147483647;
			files = (
			);
			runOnlyForDeploymentPostprocessing = 0;
		};
/* End PBXFrameworksBuildPhase section */

/* Begin PBXGroup section */
		33F9600E1F48918600A970BE = {
			isa = PBXGroup;
			children = (
				33F960191F48918600A970BE /* TbSelectMenuView */,
				33F960331F48918600A970BE /* TbSelectMenuViewTests */,
				33F9603E1F48918600A970BE /* TbSelectMenuViewUITests */,
				33F960181F48918600A970BE /* Products */,
			);
			sourceTree = "<group>";
		};
		33F960181F48918600A970BE /* Products */ = {
			isa = PBXGroup;
			children = (
				33F960171F48918600A970BE /* TbSelectMenuView.app */,
				33F960301F48918600A970BE /* TbSelectMenuViewTests.xctest */,
				33F9603B1F48918600A970BE /* TbSelectMenuViewUITests.xctest */,
			);
			name = Products;
			sourceTree = "<group>";
		};
		33F960191F48918600A970BE /* TbSelectMenuView */ = {
			isa = PBXGroup;
			children = (
				33F960531F48929C00A970BE /* TbPopMenuView */,
				33F9601D1F48918600A970BE /* AppDelegate.h */,
				33F9601E1F48918600A970BE /* AppDelegate.m */,
				33F960201F48918600A970BE /* ViewController.h */,
				33F960211F48918600A970BE /* ViewController.m */,
				33F960231F48918600A970BE /* Main.storyboard */,
				33F960261F48918600A970BE /* Assets.xcassets */,
				33F960281F48918600A970BE /* LaunchScreen.storyboard */,
				33F9602B1F48918600A970BE /* Info.plist */,
				33F9601A1F48918600A970BE /* Supporting Files */,
			);
			path = TbSelectMenuView;
			sourceTree = "<group>";
		};
		33F9601A1F48918600A970BE /* Supporting Files */ = {
			isa = PBXGroup;
			children = (
				33F9601B1F48918600A970BE /* main.m */,
			);
			name = "Supporting Files";
			sourceTree = "<group>";
		};
		33F960331F48918600A970BE /* TbSelectMenuViewTests */ = {
			isa = PBXGroup;
			children = (
				33F960341F48918600A970BE /* TbSelectMenuViewTests.m */,
				33F960361F48918600A970BE /* Info.plist */,
			);
			path = TbSelectMenuViewTests;
			sourceTree = "<group>";
		};
		33F9603E1F48918600A970BE /* TbSelectMenuViewUITests */ = {
			isa = PBXGroup;
			children = (
				33F9603F1F48918600A970BE /* TbSelectMenuViewUITests.m */,
				33F960411F48918600A970BE /* Info.plist */,
			);
			path = TbSelectMenuViewUITests;
			sourceTree = "<group>";
		};
		33F960531F48929C00A970BE /* TbPopMenuView */ = {
			isa = PBXGroup;
			children = (
				33F960541F48929C00A970BE /* TbPopMenuView.h */,
				33F960551F48929C00A970BE /* TbPopMenuView.m */,
				33F960561F48929C00A970BE /* TbPopMenuView.xib */,
			);
			path = TbPopMenuView;
			sourceTree = SOURCE_ROOT;
		};
/* End PBXGroup section */

/* Begin PBXNativeTarget section */
		33F960161F48918600A970BE /* TbSelectMenuView */ = {
			isa = PBXNativeTarget;
			buildConfigurationList = 33F960441F48918600A970BE /* Build configuration list for PBXNativeTarget "TbSelectMenuView" */;
			buildPhases = (
				33F960131F48918600A970BE /* Sources */,
				33F960141F48918600A970BE /* Frameworks */,
				33F960151F48918600A970BE /* Resources */,
			);
			buildRules = (
			);
			dependencies = (
			);
			name = TbSelectMenuView;
			productName = TbSelectMenuView;
			productReference = 33F960171F48918600A970BE /* TbSelectMenuView.app */;
			productType = "com.apple.product-type.application";
		};
		33F9602F1F48918600A970BE /* TbSelectMenuViewTests */ = {
			isa = PBXNativeTarget;
			buildConfigurationList = 33F960471F48918600A970BE /* Build configuration list for PBXNativeTarget "TbSelectMenuViewTests" */;
			buildPhases = (
				33F9602C1F48918600A970BE /* Sources */,
				33F9602D1F48918600A970BE /* Frameworks */,
				33F9602E1F48918600A970BE /* Resources */,
			);
			buildRules = (
			);
			dependencies = (
				33F960321F48918600A970BE /* PBXTargetDependency */,
			);
			name = TbSelectMenuViewTests;
			productName = TbSelectMenuViewTests;
			productReference = 33F960301F48918600A970BE /* TbSelectMenuViewTests.xctest */;
			productType = "com.apple.product-type.bundle.unit-test";
		};
		33F9603A1F48918600A970BE /* TbSelectMenuViewUITests */ = {
			isa = PBXNativeTarget;
			buildConfigurationList = 33F9604A1F48918600A970BE /* Build configuration list for PBXNativeTarget "TbSelectMenuViewUITests" */;
			buildPhases = (
				33F960371F48918600A970BE /* Sources */,
				33F960381F48918600A970BE /* Frameworks */,
				33F960391F48918600A970BE /* Resources */,
			);
			buildRules = (
			);
			dependencies = (
				33F9603D1F48918600A970BE /* PBXTargetDependency */,
			);
			name = TbSelectMenuViewUITests;
			productName = TbSelectMenuViewUITests;
			productReference = 33F9603B1F48918600A970BE /* TbSelectMenuViewUITests.xctest */;
			productType = "com.apple.product-type.bundle.ui-testing";
		};
/* End PBXNativeTarget section */

/* Begin PBXProject section */
		33F9600F1F48918600A970BE /* Project object */ = {
			isa = PBXProject;
			attributes = {
				LastUpgradeCheck = 0830;
				ORGANIZATIONNAME = Tb;
				TargetAttributes = {
					33F960161F48918600A970BE = {
						CreatedOnToolsVersion = 8.3.3;
						DevelopmentTeam = A8N753RPEC;
						ProvisioningStyle = Automatic;
					};
					33F9602F1F48918600A970BE = {
						CreatedOnToolsVersion = 8.3.3;
						DevelopmentTeam = A8N753RPEC;
						ProvisioningStyle = Automatic;
						TestTargetID = 33F960161F48918600A970BE;
					};
					33F9603A1F48918600A970BE = {
						CreatedOnToolsVersion = 8.3.3;
						DevelopmentTeam = A8N753RPEC;
						ProvisioningStyle = Automatic;
						TestTargetID = 33F960161F48918600A970BE;
					};
				};
			};
			buildConfigurationList = 33F960121F48918600A970BE /* Build configuration list for PBXProject "TbSelectMenuView" */;
			compatibilityVersion = "Xcode 3.2";
			developmentRegion = English;
			hasScannedForEncodings = 0;
			knownRegions = (
				en,
				Base,
			);
			mainGroup = 33F9600E1F48918600A970BE;
			productRefGroup = 33F960181F48918600A970BE /* Products */;
			projectDirPath = "";
			projectRoot = "";
			targets = (
				33F960161F48918600A970BE /* TbSelectMenuView */,
				33F9602F1F48918600A970BE /* TbSelectMenuViewTests */,
				33F9603A1F48918600A970BE /* TbSelectMenuViewUITests */,
			);
		};
/* End PBXProject section */

/* Begin PBXResourcesBuildPhase section */
		33F960151F48918600A970BE /* Resources */ = {
			isa = PBXResourcesBuildPhase;
			buildActionMask = 2147483647;
			files = (
				33F9602A1F48918600A970BE /* LaunchScreen.storyboard in Resources */,
				33F960271F48918600A970BE /* Assets.xcassets in Resources */,
				33F960251F48918600A970BE /* Main.storyboard in Resources */,
				33F960581F48929C00A970BE /* TbPopMenuView.xib in Resources */,
			);
			runOnlyForDeploymentPostprocessing = 0;
		};
		33F9602E1F48918600A970BE /* Resources */ = {
			isa = PBXResourcesBuildPhase;
			buildActionMask = 2147483647;
			files = (
			);
			runOnlyForDeploymentPostprocessing = 0;
		};
		33F960391F48918600A970BE /* Resources */ = {
			isa = PBXResourcesBuildPhase;
			buildActionMask = 2147483647;
			files = (
			);
			runOnlyForDeploymentPostprocessing = 0;
		};
/* End PBXResourcesBuildPhase section */

/* Begin PBXSourcesBuildPhase section */
		33F960131F48918600A970BE /* Sources */ = {
			isa = PBXSourcesBuildPhase;
			buildActionMask = 2147483647;
			files = (
				33F960221F48918600A970BE /* ViewController.m in Sources */,
				33F9601F1F48918600A970BE /* AppDelegate.m in Sources */,
				33F9601C1F48918600A970BE /* main.m in Sources */,
				33F960571F48929C00A970BE /* TbPopMenuView.m in Sources */,
			);
			runOnlyForDeploymentPostprocessing = 0;
		};
		33F9602C1F48918600A970BE /* Sources */ = {
			isa = PBXSourcesBuildPhase;
			buildActionMask = 2147483647;
			files = (
				33F960351F48918600A970BE /* TbSelectMenuViewTests.m in Sources */,
			);
			runOnlyForDeploymentPostprocessing = 0;
		};
		33F960371F48918600A970BE /* Sources */ = {
			isa = PBXSourcesBuildPhase;
			buildActionMask = 2147483647;
			files = (
				33F960401F48918600A970BE /* TbSelectMenuViewUITests.m in Sources */,
			);
			runOnlyForDeploymentPostprocessing = 0;
		};
/* End PBXSourcesBuildPhase section */

/* Begin PBXTargetDependency section */
		33F960321F48918600A970BE /* PBXTargetDependency */ = {
			isa = PBXTargetDependency;
			target = 33F960161F48918600A970BE /* TbSelectMenuView */;
			targetProxy = 33F960311F48918600A970BE /* PBXContainerItemProxy */;
		};
		33F9603D1F48918600A970BE /* PBXTargetDependency */ = {
			isa = PBXTargetDependency;
			target = 33F960161F48918600A970BE /* TbSelectMenuView */;
			targetProxy = 33F9603C1F48918600A970BE /* PBXContainerItemProxy */;
		};
/* End PBXTargetDependency section */

/* Begin PBXVariantGroup section */
		33F960231F48918600A970BE /* Main.storyboard */ = {
			isa = PBXVariantGroup;
			children = (
				33F960241F48918600A970BE /* Base */,
			);
			name = Main.storyboard;
			sourceTree = "<group>";
		};
		33F960281F48918600A970BE /* LaunchScreen.storyboard */ = {
			isa = PBXVariantGroup;
			children = (
				33F960291F48918600A970BE /* Base */,
			);
			name = LaunchScreen.storyboard;
			sourceTree = "<group>";
		};
/* End PBXVariantGroup section */

/* Begin XCBuildConfiguration section */
		33F960421F48918600A970BE /* Debug */ = {
			isa = XCBuildConfiguration;
			buildSettings = {
				ALWAYS_SEARCH_USER_PATHS = NO;
				CLANG_ANALYZER_NONNULL = YES;
				CLANG_ANALYZER_NUMBER_OBJECT_CONVERSION = YES_AGGRESSIVE;
				CLANG_CXX_LANGUAGE_STANDARD = "gnu++0x";
				CLANG_CXX_LIBRARY = "libc++";
				CLANG_ENABLE_MODULES = YES;
				CLANG_ENABLE_OBJC_ARC = YES;
				CLANG_WARN_BOOL_CONVERSION = YES;
				CLANG_WARN_CONSTANT_CONVERSION = YES;
				CLANG_WARN_DIRECT_OBJC_ISA_USAGE = YES_ERROR;
				CLANG_WARN_DOCUMENTATION_COMMENTS = YES;
				CLANG_WARN_EMPTY_BODY = YES;
				CLANG_WARN_ENUM_CONVERSION = YES;
				CLANG_WARN_INFINITE_RECURSION = YES;
				CLANG_WARN_INT_CONVERSION = YES;
				CLANG_WARN_OBJC_ROOT_CLASS = YES_ERROR;
				CLANG_WARN_SUSPICIOUS_MOVE = YES;
				CLANG_WARN_UNREACHABLE_CODE = YES;
				CLANG_WARN__DUPLICATE_METHOD_MATCH = YES;
				"CODE_SIGN_IDENTITY[sdk=iphoneos*]" = "iPhone Developer";
				COPY_PHASE_STRIP = NO;
				DEBUG_INFORMATION_FORMAT = dwarf;
				ENABLE_STRICT_OBJC_MSGSEND = YES;
				ENABLE_TESTABILITY = YES;
				GCC_C_LANGUAGE_STANDARD = gnu99;
				GCC_DYNAMIC_NO_PIC = NO;
				GCC_NO_COMMON_BLOCKS = YES;
				GCC_OPTIMIZATION_LEVEL = 0;
				GCC_PREPROCESSOR_DEFINITIONS = (
					"DEBUG=1",
					"$(inherited)",
				);
				GCC_WARN_64_TO_32_BIT_CONVERSION = YES;
				GCC_WARN_ABOUT_RETURN_TYPE = YES_ERROR;
				GCC_WARN_UNDECLARED_SELECTOR = YES;
				GCC_WARN_UNINITIALIZED_AUTOS = YES_AGGRESSIVE;
				GCC_WARN_UNUSED_FUNCTION = YES;
				GCC_WARN_UNUSED_VARIABLE = YES;
				IPHONEOS_DEPLOYMENT_TARGET = 10.3;
				MTL_ENABLE_DEBUG_INFO = YES;
				ONLY_ACTIVE_ARCH = YES;
				SDKROOT = iphoneos;
				TARGETED_DEVICE_FAMILY = "1,2";
			};
			name = Debug;
		};
		33F960431F48918600A970BE /* Release */ = {
			isa = XCBuildConfiguration;
			buildSettings = {
				ALWAYS_SEARCH_USER_PATHS = NO;
				CLANG_ANALYZER_NONNULL = YES;
				CLANG_ANALYZER_NUMBER_OBJECT_CONVERSION = YES_AGGRESSIVE;
				CLANG_CXX_LANGUAGE_STANDARD = "gnu++0x";
				CLANG_CXX_LIBRARY = "libc++";
				CLANG_ENABLE_MODULES = YES;
				CLANG_ENABLE_OBJC_ARC = YES;
				CLANG_WARN_BOOL_CONVERSION = YES;
				CLANG_WARN_CONSTANT_CONVERSION = YES;
				CLANG_WARN_DIRECT_OBJC_ISA_USAGE = YES_ERROR;
				CLANG_WARN_DOCUMENTATION_COMMENTS = YES;
				CLANG_WARN_EMPTY_BODY = YES;
				CLANG_WARN_ENUM_CONVERSION = YES;
				CLANG_WARN_INFINITE_RECURSION = YES;
				CLANG_WARN_INT_CONVERSION = YES;
				CLANG_WARN_OBJC_ROOT_CLASS = YES_ERROR;
				CLANG_WARN_SUSPICIOUS_MOVE = YES;
				CLANG_WARN_UNREACHABLE_CODE = YES;
				CLANG_WARN__DUPLICATE_METHOD_MATCH = YES;
				"CODE_SIGN_IDENTITY[sdk=iphoneos*]" = "iPhone Developer";
				COPY_PHASE_STRIP = NO;
				DEBUG_INFORMATION_FORMAT = "dwarf-with-dsym";
				ENABLE_NS_ASSERTIONS = NO;
				ENABLE_STRICT_OBJC_MSGSEND = YES;
				GCC_C_LANGUAGE_STANDARD = gnu99;
				GCC_NO_COMMON_BLOCKS = YES;
				GCC_WARN_64_TO_32_BIT_CONVERSION = YES;
				GCC_WARN_ABOUT_RETURN_TYPE = YES_ERROR;
				GCC_WARN_UNDECLARED_SELECTOR = YES;
				GCC_WARN_UNINITIALIZED_AUTOS = YES_AGGRESSIVE;
				GCC_WARN_UNUSED_FUNCTION = YES;
				GCC_WARN_UNUSED_VARIABLE = YES;
				IPHONEOS_DEPLOYMENT_TARGET = 10.3;
				MTL_ENABLE_DEBUG_INFO = NO;
				SDKROOT = iphoneos;
				TARGETED_DEVICE_FAMILY = "1,2";
				VALIDATE_PRODUCT = YES;
			};
			name = Release;
		};
		33F960451F48918600A970BE /* Debug */ = {
			isa = XCBuildConfiguration;
			buildSettings = {
				ASSETCATALOG_COMPILER_APPICON_NAME = AppIcon;
				DEVELOPMENT_TEAM = A8N753RPEC;
				INFOPLIST_FILE = TbSelectMenuView/Info.plist;
				LD_RUNPATH_SEARCH_PATHS = "$(inherited) @executable_path/Frameworks";
				PRODUCT_BUNDLE_IDENTIFIER = com.aetos.trade.TbSelectMenuView;
				PRODUCT_NAME = "$(TARGET_NAME)";
			};
			name = Debug;
		};
		33F960461F48918600A970BE /* Release */ = {
			isa = XCBuildConfiguration;
			buildSettings = {
				ASSETCATALOG_COMPILER_APPICON_NAME = AppIcon;
				DEVELOPMENT_TEAM = A8N753RPEC;
				INFOPLIST_FILE = TbSelectMenuView/Info.plist;
				LD_RUNPATH_SEARCH_PATHS = "$(inherited) @executable_path/Frameworks";
				PRODUCT_BUNDLE_IDENTIFIER = com.aetos.trade.TbSelectMenuView;
				PRODUCT_NAME = "$(TARGET_NAME)";
			};
			name = Release;
		};
		33F960481F48918600A970BE /* Debug */ = {
			isa = XCBuildConfiguration;
			buildSettings = {
				BUNDLE_LOADER = "$(TEST_HOST)";
				DEVELOPMENT_TEAM = A8N753RPEC;
				INFOPLIST_FILE = TbSelectMenuViewTests/Info.plist;
				LD_RUNPATH_SEARCH_PATHS = "$(inherited) @executable_path/Frameworks @loader_path/Frameworks";
				PRODUCT_BUNDLE_IDENTIFIER = com.aetos.trade.TbSelectMenuViewTests;
				PRODUCT_NAME = "$(TARGET_NAME)";
				TEST_HOST = "$(BUILT_PRODUCTS_DIR)/TbSelectMenuView.app/TbSelectMenuView";
			};
			name = Debug;
		};
		33F960491F48918600A970BE /* Release */ = {
			isa = XCBuildConfiguration;
			buildSettings = {
				BUNDLE_LOADER = "$(TEST_HOST)";
				DEVELOPMENT_TEAM = A8N753RPEC;
				INFOPLIST_FILE = TbSelectMenuViewTests/Info.plist;
				LD_RUNPATH_SEARCH_PATHS = "$(inherited) @executable_path/Frameworks @loader_path/Frameworks";
				PRODUCT_BUNDLE_IDENTIFIER = com.aetos.trade.TbSelectMenuViewTests;
				PRODUCT_NAME = "$(TARGET_NAME)";
				TEST_HOST = "$(BUILT_PRODUCTS_DIR)/TbSelectMenuView.app/TbSelectMenuView";
			};
			name = Release;
		};
		33F9604B1F48918600A970BE /* Debug */ = {
			isa = XCBuildConfiguration;
			buildSettings = {
				DEVELOPMENT_TEAM = A8N753RPEC;
				INFOPLIST_FILE = TbSelectMenuViewUITests/Info.plist;
				LD_RUNPATH_SEARCH_PATHS = "$(inherited) @executable_path/Frameworks @loader_path/Frameworks";
				PRODUCT_BUNDLE_IDENTIFIER = com.aetos.trade.TbSelectMenuViewUITests;
				PRODUCT_NAME = "$(TARGET_NAME)";
				TEST_TARGET_NAME = TbSelectMenuView;
			};
			name = Debug;
		};
		33F9604C1F48918600A970BE /* Release */ = {
			isa = XCBuildConfiguration;
			buildSettings = {
				DEVELOPMENT_TEAM = A8N753RPEC;
				INFOPLIST_FILE = TbSelectMenuViewUITests/Info.plist;
				LD_RUNPATH_SEARCH_PATHS = "$(inherited) @executable_path/Frameworks @loader_path/Frameworks";
				PRODUCT_BUNDLE_IDENTIFIER = com.aetos.trade.TbSelectMenuViewUITests;
				PRODUCT_NAME = "$(TARGET_NAME)";
				TEST_TARGET_NAME = TbSelectMenuView;
			};
			name = Release;
		};
/* End XCBuildConfiguration section */

/* Begin XCConfigurationList section */
		33F960121F48918600A970BE /* Build configuration list for PBXProject "TbSelectMenuView" */ = {
			isa = XCConfigurationList;
			buildConfigurations = (
				33F960421F48918600A970BE /* Debug */,
				33F960431F48918600A970BE /* Release */,
			);
			defaultConfigurationIsVisible = 0;
			defaultConfigurationName = Release;
		};
		33F960441F48918600A970BE /* Build configuration list for PBXNativeTarget "TbSelectMenuView" */ = {
			isa = XCConfigurationList;
			buildConfigurations = (
				33F960451F48918600A970BE /* Debug */,
				33F960461F48918600A970BE /* Release */,
			);
			defaultConfigurationIsVisible = 0;
		};
		33F960471F48918600A970BE /* Build configuration list for PBXNativeTarget "TbSelectMenuViewTests" */ = {
			isa = XCConfigurationList;
			buildConfigurations = (
				33F960481F48918600A970BE /* Debug */,
				33F960491F48918600A970BE /* Release */,
			);
			defaultConfigurationIsVisible = 0;
		};
		33F9604A1F48918600A970BE /* Build configuration list for PBXNativeTarget "TbSelectMenuViewUITests" */ = {
			isa = XCConfigurationList;
			buildConfigurations = (
				33F9604B1F48918600A970BE /* Debug */,
				33F9604C1F48918600A970BE /* Release */,
			);
			defaultConfigurationIsVisible = 0;
		};
/* End XCConfigurationList section */
	};
	rootObject = 33F9600F1F48918600A970BE /* Project object */;
}
